
Microsoft Visual Studio Solution File, Format Version 12.00
# Visual Studio Version 17
VisualStudioVersion = 17.5.33502.453
MinimumVisualStudioVersion = 10.0.40219.1
Project("{FAE04EC0-301F-11D3-BF4B-00C04F79EFBC}") = "RepairShop", "RepairShop\RepairShop.csproj", "{413A268C-0382-49E5-BCC9-5456358A4AA3}"
EndProject
Global
	GlobalSection(SolutionConfigurationPlatforms) = preSolution
		Debug|Any CPU = Debug|Any CPU
		Release|Any CPU = Release|Any CPU
	EndGlobalSection
	GlobalSection(ProjectConfigurationPlatforms) = postSolution
		{413A268C-0382-49E5-BCC9-5456358A4AA3}.Debug|Any CPU.ActiveCfg = Debug|Any CPU
		{413A268C-0382-49E5-BCC9-5456358A4AA3}.Debug|Any CPU.Build.0 = Debug|Any CPU
		{413A268C-0382-49E5-BCC9-5456358A4AA3}.Release|Any CPU.ActiveCfg = Release|Any CPU
		{413A268C-0382-49E5-BCC9-5456358A4AA3}.Release|Any CPU.Build.0 = Release|Any CPU
	EndGlobalSection
	GlobalSection(SolutionProperties) = preSolution
		HideSolutionNode = FALSE
	EndGlobalSection
	GlobalSection(ExtensibilityGlobals) = postSolution
		SolutionGuid = {BB251EC6-D5A4-4750-A427-EF309F9F7FD0}
	EndGlobalSection
EndGlobal
